
Microsoft Visual Studio Solution File, Format Version 12.00
# Visual Studio Version 16
VisualStudioVersion = 16.0.31624.102
MinimumVisualStudioVersion = 10.0.40219.1
Project("{9A19103F-16F7-4668-BE54-9A1E7A4F7556}") = "Assignment3", "Assignment3.csproj", "{864967F5-C9FE-4AAF-803A-E7F6CA83F55B}"
EndProject
Project("{FAE04EC0-301F-11D3-BF4B-00C04F79EFBC}") = "Ass1_test_form", "..\..\..\Ass1_test_form\Ass1_test_form\Ass1_test_form.csproj", "{1E29B9A6-A812-4906-B5AC-81C51A8AD289}"
EndProject
Global
	GlobalSection(SolutionConfigurationPlatforms) = preSolution
		Debug|Any CPU = Debug|Any CPU
		Release|Any CPU = Release|Any CPU
	EndGlobalSection
	GlobalSection(ProjectConfigurationPlatforms) = postSolution
		{864967F5-C9FE-4AAF-803A-E7F6CA83F55B}.Debug|Any CPU.ActiveCfg = Debug|Any CPU
		{864967F5-C9FE-4AAF-803A-E7F6CA83F55B}.Debug|Any CPU.Build.0 = Debug|Any CPU
		{864967F5-C9FE-4AAF-803A-E7F6CA83F55B}.Release|Any CPU.ActiveCfg = Release|Any CPU
		{864967F5-C9FE-4AAF-803A-E7F6CA83F55B}.Release|Any CPU.Build.0 = Release|Any CPU
		{1E29B9A6-A812-4906-B5AC-81C51A8AD289}.Debug|Any CPU.ActiveCfg = Debug|Any CPU
		{1E29B9A6-A812-4906-B5AC-81C51A8AD289}.Debug|Any CPU.Build.0 = Debug|Any CPU
		{1E29B9A6-A812-4906-B5AC-81C51A8AD289}.Release|Any CPU.ActiveCfg = Release|Any CPU
		{1E29B9A6-A812-4906-B5AC-81C51A8AD289}.Release|Any CPU.Build.0 = Release|Any CPU
	EndGlobalSection
	GlobalSection(SolutionProperties) = preSolution
		HideSolutionNode = FALSE
	EndGlobalSection
	GlobalSection(ExtensibilityGlobals) = postSolution
		SolutionGuid = {47835EAE-D186-45AB-8640-CD9A6F1D774E}
	EndGlobalSection
EndGlobal
