
Microsoft Visual Studio Solution File, Format Version 12.00
# Visual Studio Version 16
VisualStudioVersion = 16.0.31624.102
MinimumVisualStudioVersion = 10.0.40219.1
Project("{FAE04EC0-301F-11D3-BF4B-00C04F79EFBC}") = "Assignment1", "Assignment1.csproj", "{864967F5-C9FE-4AAF-803A-E7F6CA83F55B}"
EndProject
Global
	GlobalSection(SolutionConfigurationPlatforms) = preSolution
		Debug|Any CPU = Debug|Any CPU
		Release|Any CPU = Release|Any CPU
	EndGlobalSection
	GlobalSection(ProjectConfigurationPlatforms) = postSolution
		{864967F5-C9FE-4AAF-803A-E7F6CA83F55B}.Debug|Any CPU.ActiveCfg = Debug|Any CPU
		{864967F5-C9FE-4AAF-803A-E7F6CA83F55B}.Debug|Any CPU.Build.0 = Debug|Any CPU
		{864967F5-C9FE-4AAF-803A-E7F6CA83F55B}.Release|Any CPU.ActiveCfg = Release|Any CPU
		{864967F5-C9FE-4AAF-803A-E7F6CA83F55B}.Release|Any CPU.Build.0 = Release|Any CPU
	EndGlobalSection
	GlobalSection(SolutionProperties) = preSolution
		HideSolutionNode = FALSE
	EndGlobalSection
	GlobalSection(ExtensibilityGlobals) = postSolution
		SolutionGuid = {47835EAE-D186-45AB-8640-CD9A6F1D774E}
	EndGlobalSection
EndGlobal
